// !$*UTF8*$!
{
	archiveVersion = 1;
	classes = {
	};
	objectVersion = 46;
	objects = {

/* Begin PBXBuildFile section */
		ED2C32DF1E3006F600CC26C4 /* AppDelegate.swift in Sources */ = {isa = PBXBuildFile; fileRef = ED2C32DE1E3006F600CC26C4 /* AppDelegate.swift */; };
		ED2C32E11E3006F600CC26C4 /* PeopleListViewController.swift in Sources */ = {isa = PBXBuildFile; fileRef = ED2C32E01E3006F600CC26C4 /* PeopleListViewController.swift */; };
		ED2C32E41E3006F600CC26C4 /* Main.storyboard in Resources */ = {isa = PBXBuildFile; fileRef = ED2C32E21E3006F600CC26C4 /* Main.storyboard */; };
		ED2C32E71E3006F600CC26C4 /* classmates.xcdatamodeld in Sources */ = {isa = PBXBuildFile; fileRef = ED2C32E51E3006F600CC26C4 /* classmates.xcdatamodeld */; };
		ED2C32E91E3006F600CC26C4 /* Assets.xcassets in Resources */ = {isa = PBXBuildFile; fileRef = ED2C32E81E3006F600CC26C4 /* Assets.xcassets */; };
		ED2C32EC1E3006F600CC26C4 /* LaunchScreen.storyboard in Resources */ = {isa = PBXBuildFile; fileRef = ED2C32EA1E3006F600CC26C4 /* LaunchScreen.storyboard */; };
		ED2C32F71E3006F600CC26C4 /* classmatesTests.swift in Sources */ = {isa = PBXBuildFile; fileRef = ED2C32F61E3006F600CC26C4 /* classmatesTests.swift */; };
		ED2C33021E3006F600CC26C4 /* classmatesUITests.swift in Sources */ = {isa = PBXBuildFile; fileRef = ED2C33011E3006F600CC26C4 /* classmatesUITests.swift */; };
		ED2C33101E30079A00CC26C4 /* PeopleCell.swift in Sources */ = {isa = PBXBuildFile; fileRef = ED2C330F1E30079A00CC26C4 /* PeopleCell.swift */; };
		ED2C33121E30108C00CC26C4 /* ClassmateDelegate.swift in Sources */ = {isa = PBXBuildFile; fileRef = ED2C33111E30108C00CC26C4 /* ClassmateDelegate.swift */; };
		ED2C33141E3015B600CC26C4 /* DetailsViewController.swift in Sources */ = {isa = PBXBuildFile; fileRef = ED2C33131E3015B600CC26C4 /* DetailsViewController.swift */; };
		ED2C33161E30211700CC26C4 /* ShowDetailsDelegate.swift in Sources */ = {isa = PBXBuildFile; fileRef = ED2C33151E30211700CC26C4 /* ShowDetailsDelegate.swift */; };
/* End PBXBuildFile section */

/* Begin PBXContainerItemProxy section */
		ED2C32F31E3006F600CC26C4 /* PBXContainerItemProxy */ = {
			isa = PBXContainerItemProxy;
			containerPortal = ED2C32D31E3006F600CC26C4 /* Project object */;
			proxyType = 1;
			remoteGlobalIDString = ED2C32DA1E3006F600CC26C4;
			remoteInfo = classmates;
		};
		ED2C32FE1E3006F600CC26C4 /* PBXContainerItemProxy */ = {
			isa = PBXContainerItemProxy;
			containerPortal = ED2C32D31E3006F600CC26C4 /* Project object */;
			proxyType = 1;
			remoteGlobalIDString = ED2C32DA1E3006F600CC26C4;
			remoteInfo = classmates;
		};
/* End PBXContainerItemProxy section */

/* Begin PBXFileReference section */
		ED2C32DB1E3006F600CC26C4 /* classmates.app */ = {isa = PBXFileReference; explicitFileType = wrapper.application; includeInIndex = 0; path = classmates.app; sourceTree = BUILT_PRODUCTS_DIR; };
		ED2C32DE1E3006F600CC26C4 /* AppDelegate.swift */ = {isa = PBXFileReference; lastKnownFileType = sourcecode.swift; path = AppDelegate.swift; sourceTree = "<group>"; };
		ED2C32E01E3006F600CC26C4 /* PeopleListViewController.swift */ = {isa = PBXFileReference; lastKnownFileType = sourcecode.swift; path = PeopleListViewController.swift; sourceTree = "<group>"; };
		ED2C32E31E3006F600CC26C4 /* Base */ = {isa = PBXFileReference; lastKnownFileType = file.storyboard; name = Base; path = Base.lproj/Main.storyboard; sourceTree = "<group>"; };
		ED2C32E61E3006F600CC26C4 /* classmates.xcdatamodel */ = {isa = PBXFileReference; lastKnownFileType = wrapper.xcdatamodel; path = classmates.xcdatamodel; sourceTree = "<group>"; };
		ED2C32E81E3006F600CC26C4 /* Assets.xcassets */ = {isa = PBXFileReference; lastKnownFileType = folder.assetcatalog; path = Assets.xcassets; sourceTree = "<group>"; };
		ED2C32EB1E3006F600CC26C4 /* Base */ = {isa = PBXFileReference; lastKnownFileType = file.storyboard; name = Base; path = Base.lproj/LaunchScreen.storyboard; sourceTree = "<group>"; };
		ED2C32ED1E3006F600CC26C4 /* Info.plist */ = {isa = PBXFileReference; lastKnownFileType = text.plist.xml; path = Info.plist; sourceTree = "<group>"; };
		ED2C32F21E3006F600CC26C4 /* classmatesTests.xctest */ = {isa = PBXFileReference; explicitFileType = wrapper.cfbundle; includeInIndex = 0; path = classmatesTests.xctest; sourceTree = BUILT_PRODUCTS_DIR; };
		ED2C32F61E3006F600CC26C4 /* classmatesTests.swift */ = {isa = PBXFileReference; lastKnownFileType = sourcecode.swift; path = classmatesTests.swift; sourceTree = "<group>"; };
		ED2C32F81E3006F600CC26C4 /* Info.plist */ = {isa = PBXFileReference; lastKnownFileType = text.plist.xml; path = Info.plist; sourceTree = "<group>"; };
		ED2C32FD1E3006F600CC26C4 /* classmatesUITests.xctest */ = {isa = PBXFileReference; explicitFileType = wrapper.cfbundle; includeInIndex = 0; path = classmatesUITests.xctest; sourceTree = BUILT_PRODUCTS_DIR; };
		ED2C33011E3006F600CC26C4 /* classmatesUITests.swift */ = {isa = PBXFileReference; lastKnownFileType = sourcecode.swift; path = classmatesUITests.swift; sourceTree = "<group>"; };
		ED2C33031E3006F600CC26C4 /* Info.plist */ = {isa = PBXFileReference; lastKnownFileType = text.plist.xml; path = Info.plist; sourceTree = "<group>"; };
		ED2C330F1E30079A00CC26C4 /* PeopleCell.swift */ = {isa = PBXFileReference; fileEncoding = 4; lastKnownFileType = sourcecode.swift; path = PeopleCell.swift; sourceTree = "<group>"; };
		ED2C33111E30108C00CC26C4 /* ClassmateDelegate.swift */ = {isa = PBXFileReference; fileEncoding = 4; lastKnownFileType = sourcecode.swift; path = ClassmateDelegate.swift; sourceTree = "<group>"; };
		ED2C33131E3015B600CC26C4 /* DetailsViewController.swift */ = {isa = PBXFileReference; fileEncoding = 4; lastKnownFileType = sourcecode.swift; path = DetailsViewController.swift; sourceTree = "<group>"; };
		ED2C33151E30211700CC26C4 /* ShowDetailsDelegate.swift */ = {isa = PBXFileReference; fileEncoding = 4; lastKnownFileType = sourcecode.swift; path = ShowDetailsDelegate.swift; sourceTree = "<group>"; };
/* End PBXFileReference section */

/* Begin PBXFrameworksBuildPhase section */
		ED2C32D81E3006F600CC26C4 /* Frameworks */ = {
			isa = PBXFrameworksBuildPhase;
			buildActionMask = 2147483647;
			files = (
			);
			runOnlyForDeploymentPostprocessing = 0;
		};
		ED2C32EF1E3006F600CC26C4 /* Frameworks */ = {
			isa = PBXFrameworksBuildPhase;
			buildActionMask = 2147483647;
			files = (
			);
			runOnlyForDeploymentPostprocessing = 0;
		};
		ED2C32FA1E3006F600CC26C4 /* Frameworks */ = {
			isa = PBXFrameworksBuildPhase;
			buildActionMask = 2147483647;
			files = (
			);
			runOnlyForDeploymentPostprocessing = 0;
		};
/* End PBXFrameworksBuildPhase section */

/* Begin PBXGroup section */
		ED2C32D21E3006F600CC26C4 = {
			isa = PBXGroup;
			children = (
				ED2C32DD1E3006F600CC26C4 /* classmates */,
				ED2C32F51E3006F600CC26C4 /* classmatesTests */,
				ED2C33001E3006F600CC26C4 /* classmatesUITests */,
				ED2C32DC1E3006F600CC26C4 /* Products */,
			);
			sourceTree = "<group>";
		};
		ED2C32DC1E3006F600CC26C4 /* Products */ = {
			isa = PBXGroup;
			children = (
				ED2C32DB1E3006F600CC26C4 /* classmates.app */,
				ED2C32F21E3006F600CC26C4 /* classmatesTests.xctest */,
				ED2C32FD1E3006F600CC26C4 /* classmatesUITests.xctest */,
			);
			name = Products;
			sourceTree = "<group>";
		};
		ED2C32DD1E3006F600CC26C4 /* classmates */ = {
			isa = PBXGroup;
			children = (
				ED2C32DE1E3006F600CC26C4 /* AppDelegate.swift */,
				ED2C32E21E3006F600CC26C4 /* Main.storyboard */,
				ED2C32E81E3006F600CC26C4 /* Assets.xcassets */,
				ED2C32EA1E3006F600CC26C4 /* LaunchScreen.storyboard */,
				ED2C32ED1E3006F600CC26C4 /* Info.plist */,
				ED2C32E51E3006F600CC26C4 /* classmates.xcdatamodeld */,
				ED2C330F1E30079A00CC26C4 /* PeopleCell.swift */,
				ED2C32E01E3006F600CC26C4 /* PeopleListViewController.swift */,
				ED2C33131E3015B600CC26C4 /* DetailsViewController.swift */,
				ED2C33111E30108C00CC26C4 /* ClassmateDelegate.swift */,
				ED2C33151E30211700CC26C4 /* ShowDetailsDelegate.swift */,
			);
			path = classmates;
			sourceTree = "<group>";
		};
		ED2C32F51E3006F600CC26C4 /* classmatesTests */ = {
			isa = PBXGroup;
			children = (
				ED2C32F61E3006F600CC26C4 /* classmatesTests.swift */,
				ED2C32F81E3006F600CC26C4 /* Info.plist */,
			);
			path = classmatesTests;
			sourceTree = "<group>";
		};
		ED2C33001E3006F600CC26C4 /* classmatesUITests */ = {
			isa = PBXGroup;
			children = (
				ED2C33011E3006F600CC26C4 /* classmatesUITests.swift */,
				ED2C33031E3006F600CC26C4 /* Info.plist */,
			);
			path = classmatesUITests;
			sourceTree = "<group>";
		};
/* End PBXGroup section */

/* Begin PBXNativeTarget section */
		ED2C32DA1E3006F600CC26C4 /* classmates */ = {
			isa = PBXNativeTarget;
			buildConfigurationList = ED2C33061E3006F600CC26C4 /* Build configuration list for PBXNativeTarget "classmates" */;
			buildPhases = (
				ED2C32D71E3006F600CC26C4 /* Sources */,
				ED2C32D81E3006F600CC26C4 /* Frameworks */,
				ED2C32D91E3006F600CC26C4 /* Resources */,
			);
			buildRules = (
			);
			dependencies = (
			);
			name = classmates;
			productName = classmates;
			productReference = ED2C32DB1E3006F600CC26C4 /* classmates.app */;
			productType = "com.apple.product-type.application";
		};
		ED2C32F11E3006F600CC26C4 /* classmatesTests */ = {
			isa = PBXNativeTarget;
			buildConfigurationList = ED2C33091E3006F600CC26C4 /* Build configuration list for PBXNativeTarget "classmatesTests" */;
			buildPhases = (
				ED2C32EE1E3006F600CC26C4 /* Sources */,
				ED2C32EF1E3006F600CC26C4 /* Frameworks */,
				ED2C32F01E3006F600CC26C4 /* Resources */,
			);
			buildRules = (
			);
			dependencies = (
				ED2C32F41E3006F600CC26C4 /* PBXTargetDependency */,
			);
			name = classmatesTests;
			productName = classmatesTests;
			productReference = ED2C32F21E3006F600CC26C4 /* classmatesTests.xctest */;
			productType = "com.apple.product-type.bundle.unit-test";
		};
		ED2C32FC1E3006F600CC26C4 /* classmatesUITests */ = {
			isa = PBXNativeTarget;
			buildConfigurationList = ED2C330C1E3006F600CC26C4 /* Build configuration list for PBXNativeTarget "classmatesUITests" */;
			buildPhases = (
				ED2C32F91E3006F600CC26C4 /* Sources */,
				ED2C32FA1E3006F600CC26C4 /* Frameworks */,
				ED2C32FB1E3006F600CC26C4 /* Resources */,
			);
			buildRules = (
			);
			dependencies = (
				ED2C32FF1E3006F600CC26C4 /* PBXTargetDependency */,
			);
			name = classmatesUITests;
			productName = classmatesUITests;
			productReference = ED2C32FD1E3006F600CC26C4 /* classmatesUITests.xctest */;
			productType = "com.apple.product-type.bundle.ui-testing";
		};
/* End PBXNativeTarget section */

/* Begin PBXProject section */
		ED2C32D31E3006F600CC26C4 /* Project object */ = {
			isa = PBXProject;
			attributes = {
				LastSwiftUpdateCheck = 0820;
				LastUpgradeCheck = 0820;
				ORGANIZATIONNAME = "Grace Shieh";
				TargetAttributes = {
					ED2C32DA1E3006F600CC26C4 = {
						CreatedOnToolsVersion = 8.2.1;
						ProvisioningStyle = Automatic;
					};
					ED2C32F11E3006F600CC26C4 = {
						CreatedOnToolsVersion = 8.2.1;
						ProvisioningStyle = Automatic;
						TestTargetID = ED2C32DA1E3006F600CC26C4;
					};
					ED2C32FC1E3006F600CC26C4 = {
						CreatedOnToolsVersion = 8.2.1;
						ProvisioningStyle = Automatic;
						TestTargetID = ED2C32DA1E3006F600CC26C4;
					};
				};
			};
			buildConfigurationList = ED2C32D61E3006F600CC26C4 /* Build configuration list for PBXProject "classmates" */;
			compatibilityVersion = "Xcode 3.2";
			developmentRegion = English;
			hasScannedForEncodings = 0;
			knownRegions = (
				en,
				Base,
			);
			mainGroup = ED2C32D21E3006F600CC26C4;
			productRefGroup = ED2C32DC1E3006F600CC26C4 /* Products */;
			projectDirPath = "";
			projectRoot = "";
			targets = (
				ED2C32DA1E3006F600CC26C4 /* classmates */,
				ED2C32F11E3006F600CC26C4 /* classmatesTests */,
				ED2C32FC1E3006F600CC26C4 /* classmatesUITests */,
			);
		};
/* End PBXProject section */

/* Begin PBXResourcesBuildPhase section */
		ED2C32D91E3006F600CC26C4 /* Resources */ = {
			isa = PBXResourcesBuildPhase;
			buildActionMask = 2147483647;
			files = (
				ED2C32EC1E3006F600CC26C4 /* LaunchScreen.storyboard in Resources */,
				ED2C32E91E3006F600CC26C4 /* Assets.xcassets in Resources */,
				ED2C32E41E3006F600CC26C4 /* Main.storyboard in Resources */,
			);
			runOnlyForDeploymentPostprocessing = 0;
		};
		ED2C32F01E3006F600CC26C4 /* Resources */ = {
			isa = PBXResourcesBuildPhase;
			buildActionMask = 2147483647;
			files = (
			);
			runOnlyForDeploymentPostprocessing = 0;
		};
		ED2C32FB1E3006F600CC26C4 /* Resources */ = {
			isa = PBXResourcesBuildPhase;
			buildActionMask = 2147483647;
			files = (
			);
			runOnlyForDeploymentPostprocessing = 0;
		};
/* End PBXResourcesBuildPhase section */

/* Begin PBXSourcesBuildPhase section */
		ED2C32D71E3006F600CC26C4 /* Sources */ = {
			isa = PBXSourcesBuildPhase;
			buildActionMask = 2147483647;
			files = (
				ED2C33121E30108C00CC26C4 /* ClassmateDelegate.swift in Sources */,
				ED2C33101E30079A00CC26C4 /* PeopleCell.swift in Sources */,
				ED2C33161E30211700CC26C4 /* ShowDetailsDelegate.swift in Sources */,
				ED2C32E71E3006F600CC26C4 /* classmates.xcdatamodeld in Sources */,
				ED2C32E11E3006F600CC26C4 /* PeopleListViewController.swift in Sources */,
				ED2C32DF1E3006F600CC26C4 /* AppDelegate.swift in Sources */,
				ED2C33141E3015B600CC26C4 /* DetailsViewController.swift in Sources */,
			);
			runOnlyForDeploymentPostprocessing = 0;
		};
		ED2C32EE1E3006F600CC26C4 /* Sources */ = {
			isa = PBXSourcesBuildPhase;
			buildActionMask = 2147483647;
			files = (
				ED2C32F71E3006F600CC26C4 /* classmatesTests.swift in Sources */,
			);
			runOnlyForDeploymentPostprocessing = 0;
		};
		ED2C32F91E3006F600CC26C4 /* Sources */ = {
			isa = PBXSourcesBuildPhase;
			buildActionMask = 2147483647;
			files = (
				ED2C33021E3006F600CC26C4 /* classmatesUITests.swift in Sources */,
			);
			runOnlyForDeploymentPostprocessing = 0;
		};
/* End PBXSourcesBuildPhase section */

/* Begin PBXTargetDependency section */
		ED2C32F41E3006F600CC26C4 /* PBXTargetDependency */ = {
			isa = PBXTargetDependency;
			target = ED2C32DA1E3006F600CC26C4 /* classmates */;
			targetProxy = ED2C32F31E3006F600CC26C4 /* PBXContainerItemProxy */;
		};
		ED2C32FF1E3006F600CC26C4 /* PBXTargetDependency */ = {
			isa = PBXTargetDependency;
			target = ED2C32DA1E3006F600CC26C4 /* classmates */;
			targetProxy = ED2C32FE1E3006F600CC26C4 /* PBXContainerItemProxy */;
		};
/* End PBXTargetDependency section */

/* Begin PBXVariantGroup section */
		ED2C32E21E3006F600CC26C4 /* Main.storyboard */ = {
			isa = PBXVariantGroup;
			children = (
				ED2C32E31E3006F600CC26C4 /* Base */,
			);
			name = Main.storyboard;
			sourceTree = "<group>";
		};
		ED2C32EA1E3006F600CC26C4 /* LaunchScreen.storyboard */ = {
			isa = PBXVariantGroup;
			children = (
				ED2C32EB1E3006F600CC26C4 /* Base */,
			);
			name = LaunchScreen.storyboard;
			sourceTree = "<group>";
		};
/* End PBXVariantGroup section */

/* Begin XCBuildConfiguration section */
		ED2C33041E3006F600CC26C4 /* Debug */ = {
			isa = XCBuildConfiguration;
			buildSettings = {
				ALWAYS_SEARCH_USER_PATHS = NO;
				CLANG_ANALYZER_NONNULL = YES;
				CLANG_CXX_LANGUAGE_STANDARD = "gnu++0x";
				CLANG_CXX_LIBRARY = "libc++";
				CLANG_ENABLE_MODULES = YES;
				CLANG_ENABLE_OBJC_ARC = YES;
				CLANG_WARN_BOOL_CONVERSION = YES;
				CLANG_WARN_CONSTANT_CONVERSION = YES;
				CLANG_WARN_DIRECT_OBJC_ISA_USAGE = YES_ERROR;
				CLANG_WARN_DOCUMENTATION_COMMENTS = YES;
				CLANG_WARN_EMPTY_BODY = YES;
				CLANG_WARN_ENUM_CONVERSION = YES;
				CLANG_WARN_INFINITE_RECURSION = YES;
				CLANG_WARN_INT_CONVERSION = YES;
				CLANG_WARN_OBJC_ROOT_CLASS = YES_ERROR;
				CLANG_WARN_SUSPICIOUS_MOVE = YES;
				CLANG_WARN_UNREACHABLE_CODE = YES;
				CLANG_WARN__DUPLICATE_METHOD_MATCH = YES;
				"CODE_SIGN_IDENTITY[sdk=iphoneos*]" = "iPhone Developer";
				COPY_PHASE_STRIP = NO;
				DEBUG_INFORMATION_FORMAT = dwarf;
				ENABLE_STRICT_OBJC_MSGSEND = YES;
				ENABLE_TESTABILITY = YES;
				GCC_C_LANGUAGE_STANDARD = gnu99;
				GCC_DYNAMIC_NO_PIC = NO;
				GCC_NO_COMMON_BLOCKS = YES;
				GCC_OPTIMIZATION_LEVEL = 0;
				GCC_PREPROCESSOR_DEFINITIONS = (
					"DEBUG=1",
					"$(inherited)",
				);
				GCC_WARN_64_TO_32_BIT_CONVERSION = YES;
				GCC_WARN_ABOUT_RETURN_TYPE = YES_ERROR;
				GCC_WARN_UNDECLARED_SELECTOR = YES;
				GCC_WARN_UNINITIALIZED_AUTOS = YES_AGGRESSIVE;
				GCC_WARN_UNUSED_FUNCTION = YES;
				GCC_WARN_UNUSED_VARIABLE = YES;
				IPHONEOS_DEPLOYMENT_TARGET = 10.2;
				MTL_ENABLE_DEBUG_INFO = YES;
				ONLY_ACTIVE_ARCH = YES;
				SDKROOT = iphoneos;
				SWIFT_ACTIVE_COMPILATION_CONDITIONS = DEBUG;
				SWIFT_OPTIMIZATION_LEVEL = "-Onone";
				TARGETED_DEVICE_FAMILY = "1,2";
			};
			name = Debug;
		};
		ED2C33051E3006F600CC26C4 /* Release */ = {
			isa = XCBuildConfiguration;
			buildSettings = {
				ALWAYS_SEARCH_USER_PATHS = NO;
				CLANG_ANALYZER_NONNULL = YES;
				CLANG_CXX_LANGUAGE_STANDARD = "gnu++0x";
				CLANG_CXX_LIBRARY = "libc++";
				CLANG_ENABLE_MODULES = YES;
				CLANG_ENABLE_OBJC_ARC = YES;
				CLANG_WARN_BOOL_CONVERSION = YES;
				CLANG_WARN_CONSTANT_CONVERSION = YES;
				CLANG_WARN_DIRECT_OBJC_ISA_USAGE = YES_ERROR;
				CLANG_WARN_DOCUMENTATION_COMMENTS = YES;
				CLANG_WARN_EMPTY_BODY = YES;
				CLANG_WARN_ENUM_CONVERSION = YES;
				CLANG_WARN_INFINITE_RECURSION = YES;
				CLANG_WARN_INT_CONVERSION = YES;
				CLANG_WARN_OBJC_ROOT_CLASS = YES_ERROR;
				CLANG_WARN_SUSPICIOUS_MOVE = YES;
				CLANG_WARN_UNREACHABLE_CODE = YES;
				CLANG_WARN__DUPLICATE_METHOD_MATCH = YES;
				"CODE_SIGN_IDENTITY[sdk=iphoneos*]" = "iPhone Developer";
				COPY_PHASE_STRIP = NO;
				DEBUG_INFORMATION_FORMAT = "dwarf-with-dsym";
				ENABLE_NS_ASSERTIONS = NO;
				ENABLE_STRICT_OBJC_MSGSEND = YES;
				GCC_C_LANGUAGE_STANDARD = gnu99;
				GCC_NO_COMMON_BLOCKS = YES;
				GCC_WARN_64_TO_32_BIT_CONVERSION = YES;
				GCC_WARN_ABOUT_RETURN_TYPE = YES_ERROR;
				GCC_WARN_UNDECLARED_SELECTOR = YES;
				GCC_WARN_UNINITIALIZED_AUTOS = YES_AGGRESSIVE;
				GCC_WARN_UNUSED_FUNCTION = YES;
				GCC_WARN_UNUSED_VARIABLE = YES;
				IPHONEOS_DEPLOYMENT_TARGET = 10.2;
				MTL_ENABLE_DEBUG_INFO = NO;
				SDKROOT = iphoneos;
				SWIFT_OPTIMIZATION_LEVEL = "-Owholemodule";
				TARGETED_DEVICE_FAMILY = "1,2";
				VALIDATE_PRODUCT = YES;
			};
			name = Release;
		};
		ED2C33071E3006F600CC26C4 /* Debug */ = {
			isa = XCBuildConfiguration;
			buildSettings = {
				ASSETCATALOG_COMPILER_APPICON_NAME = AppIcon;
				INFOPLIST_FILE = classmates/Info.plist;
				LD_RUNPATH_SEARCH_PATHS = "$(inherited) @executable_path/Frameworks";
				PRODUCT_BUNDLE_IDENTIFIER = grace.classmates;
				PRODUCT_NAME = "$(TARGET_NAME)";
				SWIFT_VERSION = 3.0;
			};
			name = Debug;
		};
		ED2C33081E3006F600CC26C4 /* Release */ = {
			isa = XCBuildConfiguration;
			buildSettings = {
				ASSETCATALOG_COMPILER_APPICON_NAME = AppIcon;
				INFOPLIST_FILE = classmates/Info.plist;
				LD_RUNPATH_SEARCH_PATHS = "$(inherited) @executable_path/Frameworks";
				PRODUCT_BUNDLE_IDENTIFIER = grace.classmates;
				PRODUCT_NAME = "$(TARGET_NAME)";
				SWIFT_VERSION = 3.0;
			};
			name = Release;
		};
		ED2C330A1E3006F600CC26C4 /* Debug */ = {
			isa = XCBuildConfiguration;
			buildSettings = {
				ALWAYS_EMBED_SWIFT_STANDARD_LIBRARIES = YES;
				BUNDLE_LOADER = "$(TEST_HOST)";
				INFOPLIST_FILE = classmatesTests/Info.plist;
				LD_RUNPATH_SEARCH_PATHS = "$(inherited) @executable_path/Frameworks @loader_path/Frameworks";
				PRODUCT_BUNDLE_IDENTIFIER = grace.classmatesTests;
				PRODUCT_NAME = "$(TARGET_NAME)";
				SWIFT_VERSION = 3.0;
				TEST_HOST = "$(BUILT_PRODUCTS_DIR)/classmates.app/classmates";
			};
			name = Debug;
		};
		ED2C330B1E3006F600CC26C4 /* Release */ = {
			isa = XCBuildConfiguration;
			buildSettings = {
				ALWAYS_EMBED_SWIFT_STANDARD_LIBRARIES = YES;
				BUNDLE_LOADER = "$(TEST_HOST)";
				INFOPLIST_FILE = classmatesTests/Info.plist;
				LD_RUNPATH_SEARCH_PATHS = "$(inherited) @executable_path/Frameworks @loader_path/Frameworks";
				PRODUCT_BUNDLE_IDENTIFIER = grace.classmatesTests;
				PRODUCT_NAME = "$(TARGET_NAME)";
				SWIFT_VERSION = 3.0;
				TEST_HOST = "$(BUILT_PRODUCTS_DIR)/classmates.app/classmates";
			};
			name = Release;
		};
		ED2C330D1E3006F600CC26C4 /* Debug */ = {
			isa = XCBuildConfiguration;
			buildSettings = {
				ALWAYS_EMBED_SWIFT_STANDARD_LIBRARIES = YES;
				INFOPLIST_FILE = classmatesUITests/Info.plist;
				LD_RUNPATH_SEARCH_PATHS = "$(inherited) @executable_path/Frameworks @loader_path/Frameworks";
				PRODUCT_BUNDLE_IDENTIFIER = grace.classmatesUITests;
				PRODUCT_NAME = "$(TARGET_NAME)";
				SWIFT_VERSION = 3.0;
				TEST_TARGET_NAME = classmates;
			};
			name = Debug;
		};
		ED2C330E1E3006F600CC26C4 /* Release */ = {
			isa = XCBuildConfiguration;
			buildSettings = {
				ALWAYS_EMBED_SWIFT_STANDARD_LIBRARIES = YES;
				INFOPLIST_FILE = classmatesUITests/Info.plist;
				LD_RUNPATH_SEARCH_PATHS = "$(inherited) @executable_path/Frameworks @loader_path/Frameworks";
				PRODUCT_BUNDLE_IDENTIFIER = grace.classmatesUITests;
				PRODUCT_NAME = "$(TARGET_NAME)";
				SWIFT_VERSION = 3.0;
				TEST_TARGET_NAME = classmates;
			};
			name = Release;
		};
/* End XCBuildConfiguration section */

/* Begin XCConfigurationList section */
		ED2C32D61E3006F600CC26C4 /* Build configuration list for PBXProject "classmates" */ = {
			isa = XCConfigurationList;
			buildConfigurations = (
				ED2C33041E3006F600CC26C4 /* Debug */,
				ED2C33051E3006F600CC26C4 /* Release */,
			);
			defaultConfigurationIsVisible = 0;
			defaultConfigurationName = Release;
		};
		ED2C33061E3006F600CC26C4 /* Build configuration list for PBXNativeTarget "classmates" */ = {
			isa = XCConfigurationList;
			buildConfigurations = (
				ED2C33071E3006F600CC26C4 /* Debug */,
				ED2C33081E3006F600CC26C4 /* Release */,
			);
			defaultConfigurationIsVisible = 0;
		};
		ED2C33091E3006F600CC26C4 /* Build configuration list for PBXNativeTarget "classmatesTests" */ = {
			isa = XCConfigurationList;
			buildConfigurations = (
				ED2C330A1E3006F600CC26C4 /* Debug */,
				ED2C330B1E3006F600CC26C4 /* Release */,
			);
			defaultConfigurationIsVisible = 0;
		};
		ED2C330C1E3006F600CC26C4 /* Build configuration list for PBXNativeTarget "classmatesUITests" */ = {
			isa = XCConfigurationList;
			buildConfigurations = (
				ED2C330D1E3006F600CC26C4 /* Debug */,
				ED2C330E1E3006F600CC26C4 /* Release */,
			);
			defaultConfigurationIsVisible = 0;
		};
/* End XCConfigurationList section */

/* Begin XCVersionGroup section */
		ED2C32E51E3006F600CC26C4 /* classmates.xcdatamodeld */ = {
			isa = XCVersionGroup;
			children = (
				ED2C32E61E3006F600CC26C4 /* classmates.xcdatamodel */,
			);
			currentVersion = ED2C32E61E3006F600CC26C4 /* classmates.xcdatamodel */;
			path = classmates.xcdatamodeld;
			sourceTree = "<group>";
			versionGroupType = wrapper.xcdatamodel;
		};
/* End XCVersionGroup section */
	};
	rootObject = ED2C32D31E3006F600CC26C4 /* Project object */;
}
